<?xml version="1.0" encoding="utf-8"?>
<Project ToolsVersion="4.0" xmlns="http://schemas.microsoft.com/developer/msbuild/2003">
  <ItemGroup>
    <Filter Include="Source Files">
      <UniqueIdentifier>{4FC737F1-C7A5-4376-A066-2A32D752A2FF}</UniqueIdentifier>
      <Extensions>cpp;c;cc;cxx;def;odl;idl;hpj;bat;asm;asmx</Extensions>
    </Filter>
    <Filter Include="Header Files">
      <UniqueIdentifier>{93995380-89BD-4b04-88EB-625FBE52EBFB}</UniqueIdentifier>
      <Extensions>h;hpp;hxx;hm;inl;inc;xsd</Extensions>
    </Filter>
    <Filter Include="Resource Files">
      <UniqueIdentifier>{67DA6AB6-F800-4c08-8B7A-83BB121AAD01}</UniqueIdentifier>
      <Extensions>rc;ico;cur;bmp;dlg;rc2;rct;bin;rgs;gif;jpg;jpeg;jpe;resx;tiff;tif;png;wav</Extensions>
    </Filter>
    <Filter Include="Blocks">
      <UniqueIdentifier>{E7DED2EF-78B7-4C69-B9B4-1D3320D4095F}</UniqueIdentifier>
    </Filter>
    <Filter Include="Blocks\Cinder-KCB2">
      <UniqueIdentifier>{C4F137B4-239D-40C4-932B-9D1BF1392153}</UniqueIdentifier>
    </Filter>
    <Filter Include="Blocks\Cinder-KCB2\src">
      <UniqueIdentifier>{3E7BAB19-C6A6-425C-8D4C-C3BC6B54EDE1}</UniqueIdentifier>
    </Filter>
    <Filter Include="Blocks\FoilOSS">
      <UniqueIdentifier>{FB309A18-675D-4023-9460-8A0ED6B880F0}</UniqueIdentifier>
    </Filter>
    <Filter Include="Blocks\FoilOSS\foil">
      <UniqueIdentifier>{6F380CBE-FFD6-400C-A5AC-9DAB678AA06C}</UniqueIdentifier>
    </Filter>
    <Filter Include="Blocks\FoilOSS\foil\include">
      <UniqueIdentifier>{A37D20B1-8050-438B-A88B-CC652276BBB8}</UniqueIdentifier>
    </Filter>
    <Filter Include="Blocks\FoilOSS\foil\include\foil">
      <UniqueIdentifier>{3F310830-5970-473E-840D-BEB073F3E387}</UniqueIdentifier>
    </Filter>
    <Filter Include="Blocks\FoilOSS\foil\include\foil\oss">
      <UniqueIdentifier>{49DB2B73-756E-4E53-BCED-BCF7FE2989CB}</UniqueIdentifier>
    </Filter>
    <Filter Include="Blocks\FoilOSS\foil\include\foil\oss\gesture">
      <UniqueIdentifier>{06663EDC-FFB8-4F8D-BBC6-F4760AE004D0}</UniqueIdentifier>
    </Filter>
    <Filter Include="Blocks\KinectRecordingTools">
      <UniqueIdentifier>{23A4FC68-4008-4F47-B389-6665319213C7}</UniqueIdentifier>
    </Filter>
    <Filter Include="Blocks\KinectRecordingTools\code">
      <UniqueIdentifier>{17F0035D-BCA2-4F2C-AD76-A0C9BB301E67}</UniqueIdentifier>
    </Filter>
    <Filter Include="Blocks\KinectRecordingTools\code\include">
      <UniqueIdentifier>{ACA29B42-61D9-48E6-B774-9B4991F9EE09}</UniqueIdentifier>
    </Filter>
    <Filter Include="Blocks\KinectRecordingTools\code\include\multitrack">
      <UniqueIdentifier>{AF537627-4D70-4A9C-8556-95BCF375315D}</UniqueIdentifier>
    </Filter>
  </ItemGroup>
  <ItemGroup>
    <ClCompile Include="..\src\HelloKinectMultitrackGestureApp.cpp">
      <Filter>Source Files</Filter>
    </ClCompile>
    <ClCompile Include="..\src\HelloKinectMultitrackGestureApp.cpp">
      <Filter>Source Files</Filter>
    </ClCompile>
    <ClInclude Include="..\include\Resources.h">
      <Filter>Header Files</Filter>
    </ClInclude>
    <ClCompile Include="..\..\..\..\Cinder-KCB2\src\Kinect2.cpp">
      <Filter>Blocks\Cinder-KCB2\src</Filter>
    </ClCompile>
    <ClInclude Include="..\..\..\..\Cinder-KCB2\src\Kinect2.h">
      <Filter>Blocks\Cinder-KCB2\src</Filter>
    </ClInclude>
    <ClInclude Include="..\..\..\..\foil_oss\foil\include\foil\oss\gesture\recognizer.hpp">
      <Filter>Blocks\FoilOSS\foil\include\foil\oss\gesture</Filter>
    </ClInclude>
    <ClInclude Include="..\..\..\..\foil_oss\foil\include\foil\oss\gesture\recognizer_helpers.hpp">
      <Filter>Blocks\FoilOSS\foil\include\foil\oss\gesture</Filter>
    </ClInclude>
    <ClInclude Include="..\..\..\..\foil_oss\foil\include\foil\oss\gesture\recognizer_types.hpp">
      <Filter>Blocks\FoilOSS\foil\include\foil\oss\gesture</Filter>
    </ClInclude>
    <ClInclude Include="..\..\..\code\include\KinectProcessingGlsl.h">
      <Filter>Blocks\KinectRecordingTools\code\include</Filter>
    </ClInclude>
    <ClInclude Include="..\..\..\code\include\Projection.h">
      <Filter>Blocks\KinectRecordingTools\code\include</Filter>
    </ClInclude>
    <ClInclude Include="..\..\..\code\include\multitrack\Mediator.h">
      <Filter>Blocks\KinectRecordingTools\code\include\multitrack</Filter>
    </ClInclude>
    <ClInclude Include="..\..\..\code\include\multitrack\Timer.h">
      <Filter>Blocks\KinectRecordingTools\code\include\multitrack</Filter>
    </ClInclude>
    <ClInclude Include="..\..\..\code\include\multitrack\Track.h">
      <Filter>Blocks\KinectRecordingTools\code\include\multitrack</Filter>
    </ClInclude>
    <ClInclude Include="..\..\..\code\include\multitrack\TrackType.h">
      <Filter>Blocks\KinectRecordingTools\code\include\multitrack</Filter>
    </ClInclude>
  </ItemGroup>
  <ItemGroup>
    <ClInclude Include="..\include\Resources.h">
      <Filter>Header Files</Filter>
    </ClInclude>
  </ItemGroup>
  <ItemGroup>
    <ResourceCompile Include="Resources.rc">
      <Filter>Resource Files</Filter>
    </ResourceCompile>
  </ItemGroup>
</Project>