
Microsoft Visual Studio Solution File, Format Version 12.00
# Visual Studio 2013
Project("{8BC9CEB8-8B4A-11D0-8D11-00A0C91BC942}") = "HelloKinect", "HelloKinect.vcxproj", "{B3B41FE3-0D6B-4258-BAEC-793644754443}"
EndProject
Global
	GlobalSection(SolutionConfigurationPlatforms) = preSolution
		Debug|Win32 = Debug|Win32
		Release|Win32 = Release|Win32
	EndGlobalSection
	GlobalSection(ProjectConfigurationPlatforms) = postSolution
		{B3B41FE3-0D6B-4258-BAEC-793644754443}.Debug|Win32.ActiveCfg = Debug|Win32
		{B3B41FE3-0D6B-4258-BAEC-793644754443}.Debug|Win32.Build.0 = Debug|Win32
		{B3B41FE3-0D6B-4258-BAEC-793644754443}.Release|Win32.ActiveCfg = Release|Win32
		{B3B41FE3-0D6B-4258-BAEC-793644754443}.Release|Win32.Build.0 = Release|Win32
	EndGlobalSection
	GlobalSection(SolutionProperties) = preSolution
		HideSolutionNode = FALSE
	EndGlobalSection
EndGlobal
