<Project ToolsVersion="4.0" xmlns="http://schemas.microsoft.com/developer/msbuild/2003">
  <ItemGroup>
    <Filter Include="Source Files">
      <UniqueIdentifier>{4FC737F1-C7A5-4376-A066-2A32D752A2FF}</UniqueIdentifier>
      <Extensions>cpp;c;cc;cxx;def;odl;idl;hpj;bat;asm;asmx</Extensions>
    </Filter>
    <Filter Include="Header Files">
      <UniqueIdentifier>{93995380-89BD-4b04-88EB-625FBE52EBFB}</UniqueIdentifier>
      <Extensions>h;hpp;hxx;hm;inl;inc;xsd</Extensions>
    </Filter>
    <Filter Include="Resource Files">
      <UniqueIdentifier>{67DA6AB6-F800-4c08-8B7A-83BB121AAD01}</UniqueIdentifier>
      <Extensions>rc;ico;cur;bmp;dlg;rc2;rct;bin;rgs;gif;jpg;jpeg;jpe;resx;tiff;tif;png;wav</Extensions>
    </Filter>
    <Filter Include="Blocks">
      <UniqueIdentifier>{E0EBEAD8-B5C1-4A28-BB8E-AA0CAD32EDAD}</UniqueIdentifier>
    </Filter>
    <Filter Include="Blocks\Cinder-KCB2">
      <UniqueIdentifier>{23567AE6-A4D3-4D79-AE71-A56B8FF5E6E0}</UniqueIdentifier>
    </Filter>
    <Filter Include="Blocks\Cinder-KCB2\src">
      <UniqueIdentifier>{77AA3493-ED8B-4FFF-95D5-CC13C4191C0B}</UniqueIdentifier>
    </Filter>
    <Filter Include="Blocks\KinectRecordingTools">
      <UniqueIdentifier>{2445DA32-9C7C-49BC-B069-1950B023DB99}</UniqueIdentifier>
    </Filter>
    <Filter Include="Blocks\KinectRecordingTools\code">
      <UniqueIdentifier>{04AB63E2-738F-4473-A8D7-076297D89B2F}</UniqueIdentifier>
    </Filter>
    <Filter Include="Blocks\KinectRecordingTools\code\include">
      <UniqueIdentifier>{FDD9E62D-0109-45BE-948C-557DBBA4B8AA}</UniqueIdentifier>
    </Filter>
    <Filter Include="Blocks\KinectRecordingTools\code\include\multitrack">
      <UniqueIdentifier>{DEA96333-4034-4842-A476-4C8D50B47B95}</UniqueIdentifier>
    </Filter>
  </ItemGroup>
  <ItemGroup>
    <ClCompile Include="..\src\HelloKinectApp.cpp">
      <Filter>Source Files</Filter>
    </ClCompile>
    <ClCompile Include="..\src\HelloKinectApp.cpp">
      <Filter>Source Files</Filter>
    </ClCompile>
    <ClInclude Include="..\include\Resources.h">
      <Filter>Header Files</Filter>
    </ClInclude>
    <ClCompile Include="..\..\..\..\Cinder-KCB2\src\Kinect2.cpp">
      <Filter>Blocks\Cinder-KCB2\src</Filter>
    </ClCompile>
    <ClInclude Include="..\..\..\..\Cinder-KCB2\src\Kinect2.h">
      <Filter>Blocks\Cinder-KCB2\src</Filter>
    </ClInclude>
    <ClInclude Include="..\..\..\code\include\KinectProcessingGlsl.h">
      <Filter>Blocks\KinectRecordingTools\code\include</Filter>
    </ClInclude>
    <ClInclude Include="..\..\..\code\include\multitrack\Controller.h">
      <Filter>Blocks\KinectRecordingTools\code\include\multitrack</Filter>
    </ClInclude>
    <ClInclude Include="..\..\..\code\include\multitrack\Timer.h">
      <Filter>Blocks\KinectRecordingTools\code\include\multitrack</Filter>
    </ClInclude>
    <ClInclude Include="..\..\..\code\include\multitrack\Track.h">
      <Filter>Blocks\KinectRecordingTools\code\include\multitrack</Filter>
    </ClInclude>
    <ClInclude Include="..\..\..\code\include\multitrack\TrackGroup.h">
      <Filter>Blocks\KinectRecordingTools\code\include\multitrack</Filter>
    </ClInclude>
    <ClInclude Include="..\..\..\code\include\multitrack\TypeTrack.h">
      <Filter>Blocks\KinectRecordingTools\code\include\multitrack</Filter>
    </ClInclude>
  </ItemGroup>
  <ItemGroup>
    <ClInclude Include="..\include\Resources.h">
      <Filter>Header Files</Filter>
    </ClInclude>
  </ItemGroup>
  <ItemGroup>
    <ResourceCompile Include="Resources.rc">
      <Filter>Resource Files</Filter>
    </ResourceCompile>
  </ItemGroup>
</Project>
